
Microsoft Visual Studio Solution File, Format Version 12.00
# Visual Studio Version 16
VisualStudioVersion = 16.0.31313.79
MinimumVisualStudioVersion = 10.0.40219.1
Project("{FAE04EC0-301F-11D3-BF4B-00C04F79EFBC}") = "LandingLibrary", "LandingLibrary\LandingLibrary.csproj", "{1454E276-F28F-4A20-906D-9A6E9A8FF3E0}"
EndProject
Project("{FAE04EC0-301F-11D3-BF4B-00C04F79EFBC}") = "LandingLibraryTest", "LandingLibraryTest\LandingLibraryTest.csproj", "{748F76EC-A6EA-4BE5-A649-227FA05C94CD}"
EndProject
Global
	GlobalSection(SolutionConfigurationPlatforms) = preSolution
		Debug|Any CPU = Debug|Any CPU
		Release|Any CPU = Release|Any CPU
	EndGlobalSection
	GlobalSection(ProjectConfigurationPlatforms) = postSolution
		{1454E276-F28F-4A20-906D-9A6E9A8FF3E0}.Debug|Any CPU.ActiveCfg = Debug|Any CPU
		{1454E276-F28F-4A20-906D-9A6E9A8FF3E0}.Debug|Any CPU.Build.0 = Debug|Any CPU
		{1454E276-F28F-4A20-906D-9A6E9A8FF3E0}.Release|Any CPU.ActiveCfg = Release|Any CPU
		{1454E276-F28F-4A20-906D-9A6E9A8FF3E0}.Release|Any CPU.Build.0 = Release|Any CPU
		{748F76EC-A6EA-4BE5-A649-227FA05C94CD}.Debug|Any CPU.ActiveCfg = Debug|Any CPU
		{748F76EC-A6EA-4BE5-A649-227FA05C94CD}.Debug|Any CPU.Build.0 = Debug|Any CPU
		{748F76EC-A6EA-4BE5-A649-227FA05C94CD}.Release|Any CPU.ActiveCfg = Release|Any CPU
		{748F76EC-A6EA-4BE5-A649-227FA05C94CD}.Release|Any CPU.Build.0 = Release|Any CPU
	EndGlobalSection
	GlobalSection(SolutionProperties) = preSolution
		HideSolutionNode = FALSE
	EndGlobalSection
	GlobalSection(ExtensibilityGlobals) = postSolution
		SolutionGuid = {8B266B33-5FC1-497F-B20B-D3E3E2D5D237}
	EndGlobalSection
EndGlobal
